
Microsoft Visual Studio Solution File, Format Version 12.00
# Visual Studio Version 17
VisualStudioVersion = 17.4.33205.214
MinimumVisualStudioVersion = 10.0.40219.1
Project("{9A19103F-16F7-4668-BE54-9A1E7A4F7556}") = "CSForum.Data", "CSForum.Data\CSForum.Data.csproj", "{CB062E13-7D49-4534-ADE1-0B5F18CD5ABB}"
EndProject
Project("{9A19103F-16F7-4668-BE54-9A1E7A4F7556}") = "CSForum.Core", "CSForum.Core\CSForum.Core.csproj", "{B17AB8B6-4530-43AA-9590-79E79D1C7A6E}"
EndProject
Project("{9A19103F-16F7-4668-BE54-9A1E7A4F7556}") = "CSForum.Services", "CSForum.Services\CSForum.Services.csproj", "{E0F4B13A-D3A1-4040-B00B-A5C83470496D}"
EndProject
Project("{2150E333-8FDC-42A3-9474-1A3956D46DE8}") = "Tests", "Tests", "{00B4B2E5-763B-4F13-8200-47E47361732A}"
EndProject
Project("{9A19103F-16F7-4668-BE54-9A1E7A4F7556}") = "CSForum.Shared", "CSForum.Shared\CSForum.Shared.csproj", "{2DD8DBF4-2389-4D22-BB9E-6CACDB325348}"
EndProject
Project("{9A19103F-16F7-4668-BE54-9A1E7A4F7556}") = "CSForum.WebApi", "CSForum.WebApi\CSForum.WebApi.csproj", "{622038D1-89C8-4D35-B286-FE441DF14AE4}"
EndProject
Project("{FAE04EC0-301F-11D3-BF4B-00C04F79EFBC}") = "CSForum.IdentityServer", "CSForum.IdentityServer\CSForum.IdentityServer.csproj", "{C7F47019-79A8-4A4C-BDAD-CA4335165206}"
EndProject
Project("{FAE04EC0-301F-11D3-BF4B-00C04F79EFBC}") = "CSForum.WebUI", "CSForum.WebUI\CSForum.WebUI.csproj", "{D9FB0DEB-E670-4C71-8C7B-C910C7D355CC}"
EndProject
Project("{FAE04EC0-301F-11D3-BF4B-00C04F79EFBC}") = "CSForum.Infrastructure", "CSForum.Infrastructure\CSForum.Infrastructure.csproj", "{8CD17673-4FFD-40F0-BA6F-6ECEEA9F4320}"
EndProject
Project("{FAE04EC0-301F-11D3-BF4B-00C04F79EFBC}") = "CSForum.WebApi.Test", "tests\CSForum.WebApi.Test\CSForum.WebApi.Test.csproj", "{9449C5BD-A2F5-470B-8442-59716249D7F3}"
EndProject
Project("{FAE04EC0-301F-11D3-BF4B-00C04F79EFBC}") = "CSForum.Services.Test", "tests\CSForum.Services.Test\CSForum.Services.Test.csproj", "{151A9773-BF66-4859-8359-C4434537DB52}"
EndProject
Global
	GlobalSection(SolutionConfigurationPlatforms) = preSolution
		Debug|Any CPU = Debug|Any CPU
		Release|Any CPU = Release|Any CPU
	EndGlobalSection
	GlobalSection(ProjectConfigurationPlatforms) = postSolution
		{CB062E13-7D49-4534-ADE1-0B5F18CD5ABB}.Debug|Any CPU.ActiveCfg = Debug|Any CPU
		{CB062E13-7D49-4534-ADE1-0B5F18CD5ABB}.Debug|Any CPU.Build.0 = Debug|Any CPU
		{CB062E13-7D49-4534-ADE1-0B5F18CD5ABB}.Release|Any CPU.ActiveCfg = Release|Any CPU
		{CB062E13-7D49-4534-ADE1-0B5F18CD5ABB}.Release|Any CPU.Build.0 = Release|Any CPU
		{B17AB8B6-4530-43AA-9590-79E79D1C7A6E}.Debug|Any CPU.ActiveCfg = Debug|Any CPU
		{B17AB8B6-4530-43AA-9590-79E79D1C7A6E}.Debug|Any CPU.Build.0 = Debug|Any CPU
		{B17AB8B6-4530-43AA-9590-79E79D1C7A6E}.Release|Any CPU.ActiveCfg = Release|Any CPU
		{B17AB8B6-4530-43AA-9590-79E79D1C7A6E}.Release|Any CPU.Build.0 = Release|Any CPU
		{E0F4B13A-D3A1-4040-B00B-A5C83470496D}.Debug|Any CPU.ActiveCfg = Debug|Any CPU
		{E0F4B13A-D3A1-4040-B00B-A5C83470496D}.Debug|Any CPU.Build.0 = Debug|Any CPU
		{E0F4B13A-D3A1-4040-B00B-A5C83470496D}.Release|Any CPU.ActiveCfg = Release|Any CPU
		{E0F4B13A-D3A1-4040-B00B-A5C83470496D}.Release|Any CPU.Build.0 = Release|Any CPU
		{2DD8DBF4-2389-4D22-BB9E-6CACDB325348}.Debug|Any CPU.ActiveCfg = Debug|Any CPU
		{2DD8DBF4-2389-4D22-BB9E-6CACDB325348}.Debug|Any CPU.Build.0 = Debug|Any CPU
		{2DD8DBF4-2389-4D22-BB9E-6CACDB325348}.Release|Any CPU.ActiveCfg = Release|Any CPU
		{2DD8DBF4-2389-4D22-BB9E-6CACDB325348}.Release|Any CPU.Build.0 = Release|Any CPU
		{622038D1-89C8-4D35-B286-FE441DF14AE4}.Debug|Any CPU.ActiveCfg = Debug|Any CPU
		{622038D1-89C8-4D35-B286-FE441DF14AE4}.Debug|Any CPU.Build.0 = Debug|Any CPU
		{622038D1-89C8-4D35-B286-FE441DF14AE4}.Release|Any CPU.ActiveCfg = Release|Any CPU
		{622038D1-89C8-4D35-B286-FE441DF14AE4}.Release|Any CPU.Build.0 = Release|Any CPU
		{C7F47019-79A8-4A4C-BDAD-CA4335165206}.Debug|Any CPU.ActiveCfg = Debug|Any CPU
		{C7F47019-79A8-4A4C-BDAD-CA4335165206}.Debug|Any CPU.Build.0 = Debug|Any CPU
		{C7F47019-79A8-4A4C-BDAD-CA4335165206}.Release|Any CPU.ActiveCfg = Release|Any CPU
		{C7F47019-79A8-4A4C-BDAD-CA4335165206}.Release|Any CPU.Build.0 = Release|Any CPU
		{D9FB0DEB-E670-4C71-8C7B-C910C7D355CC}.Debug|Any CPU.ActiveCfg = Debug|Any CPU
		{D9FB0DEB-E670-4C71-8C7B-C910C7D355CC}.Debug|Any CPU.Build.0 = Debug|Any CPU
		{D9FB0DEB-E670-4C71-8C7B-C910C7D355CC}.Release|Any CPU.ActiveCfg = Release|Any CPU
		{D9FB0DEB-E670-4C71-8C7B-C910C7D355CC}.Release|Any CPU.Build.0 = Release|Any CPU
		{8CD17673-4FFD-40F0-BA6F-6ECEEA9F4320}.Debug|Any CPU.ActiveCfg = Debug|Any CPU
		{8CD17673-4FFD-40F0-BA6F-6ECEEA9F4320}.Debug|Any CPU.Build.0 = Debug|Any CPU
		{8CD17673-4FFD-40F0-BA6F-6ECEEA9F4320}.Release|Any CPU.ActiveCfg = Release|Any CPU
		{8CD17673-4FFD-40F0-BA6F-6ECEEA9F4320}.Release|Any CPU.Build.0 = Release|Any CPU
		{9449C5BD-A2F5-470B-8442-59716249D7F3}.Debug|Any CPU.ActiveCfg = Debug|Any CPU
		{9449C5BD-A2F5-470B-8442-59716249D7F3}.Debug|Any CPU.Build.0 = Debug|Any CPU
		{9449C5BD-A2F5-470B-8442-59716249D7F3}.Release|Any CPU.ActiveCfg = Release|Any CPU
		{9449C5BD-A2F5-470B-8442-59716249D7F3}.Release|Any CPU.Build.0 = Release|Any CPU
		{151A9773-BF66-4859-8359-C4434537DB52}.Debug|Any CPU.ActiveCfg = Debug|Any CPU
		{151A9773-BF66-4859-8359-C4434537DB52}.Debug|Any CPU.Build.0 = Debug|Any CPU
		{151A9773-BF66-4859-8359-C4434537DB52}.Release|Any CPU.ActiveCfg = Release|Any CPU
		{151A9773-BF66-4859-8359-C4434537DB52}.Release|Any CPU.Build.0 = Release|Any CPU
	EndGlobalSection
	GlobalSection(SolutionProperties) = preSolution
		HideSolutionNode = FALSE
	EndGlobalSection
	GlobalSection(NestedProjects) = preSolution
		{9449C5BD-A2F5-470B-8442-59716249D7F3} = {00B4B2E5-763B-4F13-8200-47E47361732A}
		{151A9773-BF66-4859-8359-C4434537DB52} = {00B4B2E5-763B-4F13-8200-47E47361732A}
	EndGlobalSection
	GlobalSection(ExtensibilityGlobals) = postSolution
		SolutionGuid = {19C902AE-0E24-463E-9485-DA7A0C370E05}
	EndGlobalSection
EndGlobal
